
Microsoft Visual Studio Solution File, Format Version 12.00
# Visual Studio Version 17
VisualStudioVersion = 17.5.33103.201
MinimumVisualStudioVersion = 10.0.40219.1
Project("{FAE04EC0-301F-11D3-BF4B-00C04F79EFBC}") = "TetrisGame", "TetrisGame\TetrisGame.csproj", "{ECEDC607-9714-495B-9089-2A45C470C7B5}"
EndProject
Global
	GlobalSection(SolutionConfigurationPlatforms) = preSolution
		Debug|Any CPU = Debug|Any CPU
		Release|Any CPU = Release|Any CPU
	EndGlobalSection
	GlobalSection(ProjectConfigurationPlatforms) = postSolution
		{ECEDC607-9714-495B-9089-2A45C470C7B5}.Debug|Any CPU.ActiveCfg = Debug|Any CPU
		{ECEDC607-9714-495B-9089-2A45C470C7B5}.Debug|Any CPU.Build.0 = Debug|Any CPU
		{ECEDC607-9714-495B-9089-2A45C470C7B5}.Release|Any CPU.ActiveCfg = Release|Any CPU
		{ECEDC607-9714-495B-9089-2A45C470C7B5}.Release|Any CPU.Build.0 = Release|Any CPU
	EndGlobalSection
	GlobalSection(SolutionProperties) = preSolution
		HideSolutionNode = FALSE
	EndGlobalSection
	GlobalSection(ExtensibilityGlobals) = postSolution
		SolutionGuid = {6B52FB8E-DC59-46A6-AFDA-06B6C56D9F44}
	EndGlobalSection
EndGlobal
